
Microsoft Visual Studio Solution File, Format Version 12.00
# Visual Studio Version 17
VisualStudioVersion = 17.7.34031.279
MinimumVisualStudioVersion = 10.0.40219.1
Project("{8BC9CEB8-8B4A-11D0-8D11-00A0C91BC942}") = "CodingTestPrepare", "CodingTestPrepare\CodingTestPrepare.vcxproj", "{84D09676-084E-447E-B185-7363823085CC}"
EndProject
Project("{8BC9CEB8-8B4A-11D0-8D11-00A0C91BC942}") = "CodeTest2", "CodeTest2\CodeTest2.vcxproj", "{8BC3E272-7A04-4E26-8BB5-3989D9700F51}"
EndProject
Project("{8BC9CEB8-8B4A-11D0-8D11-00A0C91BC942}") = "STACK_QUEUE_003", "STACK_QUEUE_003\STACK_QUEUE_003.vcxproj", "{68207F00-0F86-474A-A5BC-FBF16955ACBF}"
EndProject
Project("{8BC9CEB8-8B4A-11D0-8D11-00A0C91BC942}") = "Stack_Queue_002", "Stack_Queue_002\Stack_Queue_002.vcxproj", "{998D3BDA-55F4-40A5-ADA0-22E89694BD5F}"
EndProject
Project("{8BC9CEB8-8B4A-11D0-8D11-00A0C91BC942}") = "Stack_Queue004", "Stack_Queue004\Stack_Queue004.vcxproj", "{1C934558-78AD-482B-AFAB-D7C87576249C}"
EndProject
Project("{8BC9CEB8-8B4A-11D0-8D11-00A0C91BC942}") = "RoofTopProblem", "RoofTopProblem\RoofTopProblem.vcxproj", "{A397A1D7-7B7A-4E5A-BFDE-2A803F543B42}"
EndProject
Project("{8BC9CEB8-8B4A-11D0-8D11-00A0C91BC942}") = "HeapCodTest_001", "HeapCodTest_001\HeapCodTest_001.vcxproj", "{A96940E4-6DBE-4A3E-B154-9B13C7087725}"
EndProject
Project("{8BC9CEB8-8B4A-11D0-8D11-00A0C91BC942}") = "HeapCodTest_002", "HeapCodTest_002\HeapCodTest_002.vcxproj", "{218BBECC-DEE9-44B8-8AE4-71A69EA893AB}"
EndProject
Project("{8BC9CEB8-8B4A-11D0-8D11-00A0C91BC942}") = "HeapCodTest_003", "HeapCodTest_003\HeapCodTest_003.vcxproj", "{966DEF4D-03B7-463D-80E3-914391AAB3E9}"
EndProject
Project("{8BC9CEB8-8B4A-11D0-8D11-00A0C91BC942}") = "HeapCodTest_004", "HeapCodTest_004\HeapCodTest_004.vcxproj", "{DBC72D62-50B2-4B75-B354-53DC0FE4E715}"
EndProject
Project("{8BC9CEB8-8B4A-11D0-8D11-00A0C91BC942}") = "HeapCodTest_005", "HeapCodTest_005\HeapCodTest_005.vcxproj", "{C037DBD9-1E13-4CF6-A392-8A82FE21541F}"
EndProject
Project("{8BC9CEB8-8B4A-11D0-8D11-00A0C91BC942}") = "Samples", "Samples\Samples.vcxproj", "{D84B1F60-F5F7-4644-AB61-AB6611CADE38}"
EndProject
Project("{8BC9CEB8-8B4A-11D0-8D11-00A0C91BC942}") = "DFS_BFS_001", "DFS_BFS_001\DFS_BFS_001.vcxproj", "{31C8245E-5C60-4676-90DE-8A629A7F743C}"
EndProject
Project("{8BC9CEB8-8B4A-11D0-8D11-00A0C91BC942}") = "DFS_BFS_002", "DFS_BFS_002\DFS_BFS_002.vcxproj", "{0054A713-6404-475B-8277-B5BF737B3495}"
EndProject
Project("{8BC9CEB8-8B4A-11D0-8D11-00A0C91BC942}") = "DFS_BFS_003", "DFS_BFS_003\DFS_BFS_003.vcxproj", "{73938D55-6C85-42F8-A90D-8F1BA0F9E4FD}"
EndProject
Project("{8BC9CEB8-8B4A-11D0-8D11-00A0C91BC942}") = "HashCodTest_001", "HashCodTest_001\HashCodTest_001.vcxproj", "{90BE8E41-ED76-48C4-A492-F7A2DFBAE0BF}"
EndProject
Project("{8BC9CEB8-8B4A-11D0-8D11-00A0C91BC942}") = "HashCodTest_002", "HashCodTest_002\HashCodTest_002.vcxproj", "{77E2C50F-9EBC-4ADD-AF9E-1EAD0EE603FF}"
EndProject
Project("{8BC9CEB8-8B4A-11D0-8D11-00A0C91BC942}") = "DFS_BFS_004", "DFS_BFS_004\DFS_BFS_004.vcxproj", "{33DB2B5D-923B-4930-800E-F639F33E0FD8}"
EndProject
Project("{8BC9CEB8-8B4A-11D0-8D11-00A0C91BC942}") = "DP_001", "DP_001\DP_001.vcxproj", "{CA46A445-FAA6-4453-8EC0-0D3B34278827}"
EndProject
Project("{8BC9CEB8-8B4A-11D0-8D11-00A0C91BC942}") = "DP_002", "DP_002\DP_002.vcxproj", "{9CFFA8D3-E07C-458C-9AC7-A0D653C948B9}"
EndProject
Project("{8BC9CEB8-8B4A-11D0-8D11-00A0C91BC942}") = "DP_003", "DP_003\DP_003.vcxproj", "{0F622C40-16F5-4FBC-BCC2-CD193B58453A}"
EndProject
Project("{8BC9CEB8-8B4A-11D0-8D11-00A0C91BC942}") = "DPCodeTest001", "DPCodeTest001\DPCodeTest001.vcxproj", "{A9D8C510-9996-4608-A62F-F41A18E39076}"
EndProject
Project("{8BC9CEB8-8B4A-11D0-8D11-00A0C91BC942}") = "DPCodeTest002", "DPCodeTest002\DPCodeTest002.vcxproj", "{32A48E9F-8397-4E62-BC4B-A992D3D5441C}"
EndProject
Project("{8BC9CEB8-8B4A-11D0-8D11-00A0C91BC942}") = "GreedyCodTest_001", "GreedyCodTest_001\GreedyCodTest_001.vcxproj", "{D81D4A27-A3E4-4FAF-A862-F0D031DA32AA}"
EndProject
Project("{8BC9CEB8-8B4A-11D0-8D11-00A0C91BC942}") = "Greedy_Kruskal_MST", "Greedy_Kruskal_MST\Greedy_Kruskal_MST.vcxproj", "{D0FF7002-EEFA-4837-9DB3-B8F1D38F3C94}"
EndProject
Project("{8BC9CEB8-8B4A-11D0-8D11-00A0C91BC942}") = "Greedy_Graph_Coloring", "Greedy_Graph_Coloring\Greedy_Graph_Coloring.vcxproj", "{3F43399F-76FA-4D2B-93AB-4B8729B12558}"
EndProject
Project("{8BC9CEB8-8B4A-11D0-8D11-00A0C91BC942}") = "DPCodeTest003", "DPCodeTest003\DPCodeTest003.vcxproj", "{B68D7DA5-847A-47A8-B6BB-BE7E4685B99B}"
EndProject
Project("{8BC9CEB8-8B4A-11D0-8D11-00A0C91BC942}") = "GreedyCodTest_002", "GreedyCodTest_002\GreedyCodTest_002.vcxproj", "{2BA80031-221F-47A4-A442-186BC5E3DD4A}"
EndProject
Project("{8BC9CEB8-8B4A-11D0-8D11-00A0C91BC942}") = "DFS_BFS_005", "DFS_BFS_005\DFS_BFS_005.vcxproj", "{208787B0-533B-43B5-A410-550934F91E30}"
EndProject
Project("{8BC9CEB8-8B4A-11D0-8D11-00A0C91BC942}") = "DFS_BFS_006", "DFS_BFS_006\DFS_BFS_006.vcxproj", "{BF950D62-5CC7-4E06-B8BE-FACAA68041AD}"
EndProject
Project("{8BC9CEB8-8B4A-11D0-8D11-00A0C91BC942}") = "Graph_001", "Graph_001\Graph_001.vcxproj", "{0BB11233-15DF-4D5C-9648-42B711F97BD8}"
EndProject
Project("{8BC9CEB8-8B4A-11D0-8D11-00A0C91BC942}") = "Graph_002", "Graph_002\Graph_002.vcxproj", "{65B9C594-FA2F-42DE-8522-BDA31CF6F27F}"
EndProject
Project("{8BC9CEB8-8B4A-11D0-8D11-00A0C91BC942}") = "Graph_003", "Graph_003\Graph_003.vcxproj", "{F7CBCFF9-E26E-4440-8E7B-97545B9A233A}"
EndProject
Project("{8BC9CEB8-8B4A-11D0-8D11-00A0C91BC942}") = "GraphCodeTest001", "GraphCodeTest001\GraphCodeTest001.vcxproj", "{3244F277-B431-4B9F-B227-90A70A997C87}"
EndProject
Project("{8BC9CEB8-8B4A-11D0-8D11-00A0C91BC942}") = "GraphCodeTest002", "GraphCodeTest002\GraphCodeTest002.vcxproj", "{91294AFC-405C-467F-B0CD-B16A20E06323}"
EndProject
Project("{8BC9CEB8-8B4A-11D0-8D11-00A0C91BC942}") = "DFS_BFS_007", "DFS_BFS_007\DFS_BFS_007.vcxproj", "{78AA46DC-0886-49D9-B5FC-82870A49EFA7}"
EndProject
Project("{8BC9CEB8-8B4A-11D0-8D11-00A0C91BC942}") = "GraphCodeTest003", "GraphCodeTest003\GraphCodeTest003.vcxproj", "{9345AE11-8B54-4A69-B889-7D6374F56DB8}"
EndProject
Project("{8BC9CEB8-8B4A-11D0-8D11-00A0C91BC942}") = "SortingCodeTest_001", "SortingCodeTest_001\SortingCodeTest_001.vcxproj", "{F3DD4D5D-5456-48F2-8313-26333629E29B}"
EndProject
Global
	GlobalSection(SolutionConfigurationPlatforms) = preSolution
		Debug|x64 = Debug|x64
		Debug|x86 = Debug|x86
		Release|x64 = Release|x64
		Release|x86 = Release|x86
	EndGlobalSection
	GlobalSection(ProjectConfigurationPlatforms) = postSolution
		{84D09676-084E-447E-B185-7363823085CC}.Debug|x64.ActiveCfg = Debug|x64
		{84D09676-084E-447E-B185-7363823085CC}.Debug|x64.Build.0 = Debug|x64
		{84D09676-084E-447E-B185-7363823085CC}.Debug|x86.ActiveCfg = Debug|Win32
		{84D09676-084E-447E-B185-7363823085CC}.Debug|x86.Build.0 = Debug|Win32
		{84D09676-084E-447E-B185-7363823085CC}.Release|x64.ActiveCfg = Release|x64
		{84D09676-084E-447E-B185-7363823085CC}.Release|x64.Build.0 = Release|x64
		{84D09676-084E-447E-B185-7363823085CC}.Release|x86.ActiveCfg = Release|Win32
		{84D09676-084E-447E-B185-7363823085CC}.Release|x86.Build.0 = Release|Win32
		{8BC3E272-7A04-4E26-8BB5-3989D9700F51}.Debug|x64.ActiveCfg = Debug|x64
		{8BC3E272-7A04-4E26-8BB5-3989D9700F51}.Debug|x64.Build.0 = Debug|x64
		{8BC3E272-7A04-4E26-8BB5-3989D9700F51}.Debug|x86.ActiveCfg = Debug|Win32
		{8BC3E272-7A04-4E26-8BB5-3989D9700F51}.Debug|x86.Build.0 = Debug|Win32
		{8BC3E272-7A04-4E26-8BB5-3989D9700F51}.Release|x64.ActiveCfg = Release|x64
		{8BC3E272-7A04-4E26-8BB5-3989D9700F51}.Release|x64.Build.0 = Release|x64
		{8BC3E272-7A04-4E26-8BB5-3989D9700F51}.Release|x86.ActiveCfg = Release|Win32
		{8BC3E272-7A04-4E26-8BB5-3989D9700F51}.Release|x86.Build.0 = Release|Win32
		{68207F00-0F86-474A-A5BC-FBF16955ACBF}.Debug|x64.ActiveCfg = Debug|x64
		{68207F00-0F86-474A-A5BC-FBF16955ACBF}.Debug|x64.Build.0 = Debug|x64
		{68207F00-0F86-474A-A5BC-FBF16955ACBF}.Debug|x86.ActiveCfg = Debug|Win32
		{68207F00-0F86-474A-A5BC-FBF16955ACBF}.Debug|x86.Build.0 = Debug|Win32
		{68207F00-0F86-474A-A5BC-FBF16955ACBF}.Release|x64.ActiveCfg = Release|x64
		{68207F00-0F86-474A-A5BC-FBF16955ACBF}.Release|x64.Build.0 = Release|x64
		{68207F00-0F86-474A-A5BC-FBF16955ACBF}.Release|x86.ActiveCfg = Release|Win32
		{68207F00-0F86-474A-A5BC-FBF16955ACBF}.Release|x86.Build.0 = Release|Win32
		{998D3BDA-55F4-40A5-ADA0-22E89694BD5F}.Debug|x64.ActiveCfg = Debug|x64
		{998D3BDA-55F4-40A5-ADA0-22E89694BD5F}.Debug|x64.Build.0 = Debug|x64
		{998D3BDA-55F4-40A5-ADA0-22E89694BD5F}.Debug|x86.ActiveCfg = Debug|Win32
		{998D3BDA-55F4-40A5-ADA0-22E89694BD5F}.Debug|x86.Build.0 = Debug|Win32
		{998D3BDA-55F4-40A5-ADA0-22E89694BD5F}.Release|x64.ActiveCfg = Release|x64
		{998D3BDA-55F4-40A5-ADA0-22E89694BD5F}.Release|x64.Build.0 = Release|x64
		{998D3BDA-55F4-40A5-ADA0-22E89694BD5F}.Release|x86.ActiveCfg = Release|Win32
		{998D3BDA-55F4-40A5-ADA0-22E89694BD5F}.Release|x86.Build.0 = Release|Win32
		{1C934558-78AD-482B-AFAB-D7C87576249C}.Debug|x64.ActiveCfg = Debug|x64
		{1C934558-78AD-482B-AFAB-D7C87576249C}.Debug|x64.Build.0 = Debug|x64
		{1C934558-78AD-482B-AFAB-D7C87576249C}.Debug|x86.ActiveCfg = Debug|Win32
		{1C934558-78AD-482B-AFAB-D7C87576249C}.Debug|x86.Build.0 = Debug|Win32
		{1C934558-78AD-482B-AFAB-D7C87576249C}.Release|x64.ActiveCfg = Release|x64
		{1C934558-78AD-482B-AFAB-D7C87576249C}.Release|x64.Build.0 = Release|x64
		{1C934558-78AD-482B-AFAB-D7C87576249C}.Release|x86.ActiveCfg = Release|Win32
		{1C934558-78AD-482B-AFAB-D7C87576249C}.Release|x86.Build.0 = Release|Win32
		{A397A1D7-7B7A-4E5A-BFDE-2A803F543B42}.Debug|x64.ActiveCfg = Debug|x64
		{A397A1D7-7B7A-4E5A-BFDE-2A803F543B42}.Debug|x64.Build.0 = Debug|x64
		{A397A1D7-7B7A-4E5A-BFDE-2A803F543B42}.Debug|x86.ActiveCfg = Debug|Win32
		{A397A1D7-7B7A-4E5A-BFDE-2A803F543B42}.Debug|x86.Build.0 = Debug|Win32
		{A397A1D7-7B7A-4E5A-BFDE-2A803F543B42}.Release|x64.ActiveCfg = Release|x64
		{A397A1D7-7B7A-4E5A-BFDE-2A803F543B42}.Release|x64.Build.0 = Release|x64
		{A397A1D7-7B7A-4E5A-BFDE-2A803F543B42}.Release|x86.ActiveCfg = Release|Win32
		{A397A1D7-7B7A-4E5A-BFDE-2A803F543B42}.Release|x86.Build.0 = Release|Win32
		{A96940E4-6DBE-4A3E-B154-9B13C7087725}.Debug|x64.ActiveCfg = Debug|x64
		{A96940E4-6DBE-4A3E-B154-9B13C7087725}.Debug|x64.Build.0 = Debug|x64
		{A96940E4-6DBE-4A3E-B154-9B13C7087725}.Debug|x86.ActiveCfg = Debug|Win32
		{A96940E4-6DBE-4A3E-B154-9B13C7087725}.Debug|x86.Build.0 = Debug|Win32
		{A96940E4-6DBE-4A3E-B154-9B13C7087725}.Release|x64.ActiveCfg = Release|x64
		{A96940E4-6DBE-4A3E-B154-9B13C7087725}.Release|x64.Build.0 = Release|x64
		{A96940E4-6DBE-4A3E-B154-9B13C7087725}.Release|x86.ActiveCfg = Release|Win32
		{A96940E4-6DBE-4A3E-B154-9B13C7087725}.Release|x86.Build.0 = Release|Win32
		{218BBECC-DEE9-44B8-8AE4-71A69EA893AB}.Debug|x64.ActiveCfg = Debug|x64
		{218BBECC-DEE9-44B8-8AE4-71A69EA893AB}.Debug|x64.Build.0 = Debug|x64
		{218BBECC-DEE9-44B8-8AE4-71A69EA893AB}.Debug|x86.ActiveCfg = Debug|Win32
		{218BBECC-DEE9-44B8-8AE4-71A69EA893AB}.Debug|x86.Build.0 = Debug|Win32
		{218BBECC-DEE9-44B8-8AE4-71A69EA893AB}.Release|x64.ActiveCfg = Release|x64
		{218BBECC-DEE9-44B8-8AE4-71A69EA893AB}.Release|x64.Build.0 = Release|x64
		{218BBECC-DEE9-44B8-8AE4-71A69EA893AB}.Release|x86.ActiveCfg = Release|Win32
		{218BBECC-DEE9-44B8-8AE4-71A69EA893AB}.Release|x86.Build.0 = Release|Win32
		{966DEF4D-03B7-463D-80E3-914391AAB3E9}.Debug|x64.ActiveCfg = Debug|x64
		{966DEF4D-03B7-463D-80E3-914391AAB3E9}.Debug|x64.Build.0 = Debug|x64
		{966DEF4D-03B7-463D-80E3-914391AAB3E9}.Debug|x86.ActiveCfg = Debug|Win32
		{966DEF4D-03B7-463D-80E3-914391AAB3E9}.Debug|x86.Build.0 = Debug|Win32
		{966DEF4D-03B7-463D-80E3-914391AAB3E9}.Release|x64.ActiveCfg = Release|x64
		{966DEF4D-03B7-463D-80E3-914391AAB3E9}.Release|x64.Build.0 = Release|x64
		{966DEF4D-03B7-463D-80E3-914391AAB3E9}.Release|x86.ActiveCfg = Release|Win32
		{966DEF4D-03B7-463D-80E3-914391AAB3E9}.Release|x86.Build.0 = Release|Win32
		{DBC72D62-50B2-4B75-B354-53DC0FE4E715}.Debug|x64.ActiveCfg = Debug|x64
		{DBC72D62-50B2-4B75-B354-53DC0FE4E715}.Debug|x64.Build.0 = Debug|x64
		{DBC72D62-50B2-4B75-B354-53DC0FE4E715}.Debug|x86.ActiveCfg = Debug|Win32
		{DBC72D62-50B2-4B75-B354-53DC0FE4E715}.Debug|x86.Build.0 = Debug|Win32
		{DBC72D62-50B2-4B75-B354-53DC0FE4E715}.Release|x64.ActiveCfg = Release|x64
		{DBC72D62-50B2-4B75-B354-53DC0FE4E715}.Release|x64.Build.0 = Release|x64
		{DBC72D62-50B2-4B75-B354-53DC0FE4E715}.Release|x86.ActiveCfg = Release|Win32
		{DBC72D62-50B2-4B75-B354-53DC0FE4E715}.Release|x86.Build.0 = Release|Win32
		{C037DBD9-1E13-4CF6-A392-8A82FE21541F}.Debug|x64.ActiveCfg = Debug|x64
		{C037DBD9-1E13-4CF6-A392-8A82FE21541F}.Debug|x64.Build.0 = Debug|x64
		{C037DBD9-1E13-4CF6-A392-8A82FE21541F}.Debug|x86.ActiveCfg = Debug|Win32
		{C037DBD9-1E13-4CF6-A392-8A82FE21541F}.Debug|x86.Build.0 = Debug|Win32
		{C037DBD9-1E13-4CF6-A392-8A82FE21541F}.Release|x64.ActiveCfg = Release|x64
		{C037DBD9-1E13-4CF6-A392-8A82FE21541F}.Release|x64.Build.0 = Release|x64
		{C037DBD9-1E13-4CF6-A392-8A82FE21541F}.Release|x86.ActiveCfg = Release|Win32
		{C037DBD9-1E13-4CF6-A392-8A82FE21541F}.Release|x86.Build.0 = Release|Win32
		{D84B1F60-F5F7-4644-AB61-AB6611CADE38}.Debug|x64.ActiveCfg = Debug|x64
		{D84B1F60-F5F7-4644-AB61-AB6611CADE38}.Debug|x64.Build.0 = Debug|x64
		{D84B1F60-F5F7-4644-AB61-AB6611CADE38}.Debug|x86.ActiveCfg = Debug|Win32
		{D84B1F60-F5F7-4644-AB61-AB6611CADE38}.Debug|x86.Build.0 = Debug|Win32
		{D84B1F60-F5F7-4644-AB61-AB6611CADE38}.Release|x64.ActiveCfg = Release|x64
		{D84B1F60-F5F7-4644-AB61-AB6611CADE38}.Release|x64.Build.0 = Release|x64
		{D84B1F60-F5F7-4644-AB61-AB6611CADE38}.Release|x86.ActiveCfg = Release|Win32
		{D84B1F60-F5F7-4644-AB61-AB6611CADE38}.Release|x86.Build.0 = Release|Win32
		{31C8245E-5C60-4676-90DE-8A629A7F743C}.Debug|x64.ActiveCfg = Debug|x64
		{31C8245E-5C60-4676-90DE-8A629A7F743C}.Debug|x64.Build.0 = Debug|x64
		{31C8245E-5C60-4676-90DE-8A629A7F743C}.Debug|x86.ActiveCfg = Debug|Win32
		{31C8245E-5C60-4676-90DE-8A629A7F743C}.Debug|x86.Build.0 = Debug|Win32
		{31C8245E-5C60-4676-90DE-8A629A7F743C}.Release|x64.ActiveCfg = Release|x64
		{31C8245E-5C60-4676-90DE-8A629A7F743C}.Release|x64.Build.0 = Release|x64
		{31C8245E-5C60-4676-90DE-8A629A7F743C}.Release|x86.ActiveCfg = Release|Win32
		{31C8245E-5C60-4676-90DE-8A629A7F743C}.Release|x86.Build.0 = Release|Win32
		{0054A713-6404-475B-8277-B5BF737B3495}.Debug|x64.ActiveCfg = Debug|x64
		{0054A713-6404-475B-8277-B5BF737B3495}.Debug|x64.Build.0 = Debug|x64
		{0054A713-6404-475B-8277-B5BF737B3495}.Debug|x86.ActiveCfg = Debug|Win32
		{0054A713-6404-475B-8277-B5BF737B3495}.Debug|x86.Build.0 = Debug|Win32
		{0054A713-6404-475B-8277-B5BF737B3495}.Release|x64.ActiveCfg = Release|x64
		{0054A713-6404-475B-8277-B5BF737B3495}.Release|x64.Build.0 = Release|x64
		{0054A713-6404-475B-8277-B5BF737B3495}.Release|x86.ActiveCfg = Release|Win32
		{0054A713-6404-475B-8277-B5BF737B3495}.Release|x86.Build.0 = Release|Win32
		{73938D55-6C85-42F8-A90D-8F1BA0F9E4FD}.Debug|x64.ActiveCfg = Debug|x64
		{73938D55-6C85-42F8-A90D-8F1BA0F9E4FD}.Debug|x64.Build.0 = Debug|x64
		{73938D55-6C85-42F8-A90D-8F1BA0F9E4FD}.Debug|x86.ActiveCfg = Debug|Win32
		{73938D55-6C85-42F8-A90D-8F1BA0F9E4FD}.Debug|x86.Build.0 = Debug|Win32
		{73938D55-6C85-42F8-A90D-8F1BA0F9E4FD}.Release|x64.ActiveCfg = Release|x64
		{73938D55-6C85-42F8-A90D-8F1BA0F9E4FD}.Release|x64.Build.0 = Release|x64
		{73938D55-6C85-42F8-A90D-8F1BA0F9E4FD}.Release|x86.ActiveCfg = Release|Win32
		{73938D55-6C85-42F8-A90D-8F1BA0F9E4FD}.Release|x86.Build.0 = Release|Win32
		{90BE8E41-ED76-48C4-A492-F7A2DFBAE0BF}.Debug|x64.ActiveCfg = Debug|x64
		{90BE8E41-ED76-48C4-A492-F7A2DFBAE0BF}.Debug|x64.Build.0 = Debug|x64
		{90BE8E41-ED76-48C4-A492-F7A2DFBAE0BF}.Debug|x86.ActiveCfg = Debug|Win32
		{90BE8E41-ED76-48C4-A492-F7A2DFBAE0BF}.Debug|x86.Build.0 = Debug|Win32
		{90BE8E41-ED76-48C4-A492-F7A2DFBAE0BF}.Release|x64.ActiveCfg = Release|x64
		{90BE8E41-ED76-48C4-A492-F7A2DFBAE0BF}.Release|x64.Build.0 = Release|x64
		{90BE8E41-ED76-48C4-A492-F7A2DFBAE0BF}.Release|x86.ActiveCfg = Release|Win32
		{90BE8E41-ED76-48C4-A492-F7A2DFBAE0BF}.Release|x86.Build.0 = Release|Win32
		{77E2C50F-9EBC-4ADD-AF9E-1EAD0EE603FF}.Debug|x64.ActiveCfg = Debug|x64
		{77E2C50F-9EBC-4ADD-AF9E-1EAD0EE603FF}.Debug|x64.Build.0 = Debug|x64
		{77E2C50F-9EBC-4ADD-AF9E-1EAD0EE603FF}.Debug|x86.ActiveCfg = Debug|Win32
		{77E2C50F-9EBC-4ADD-AF9E-1EAD0EE603FF}.Debug|x86.Build.0 = Debug|Win32
		{77E2C50F-9EBC-4ADD-AF9E-1EAD0EE603FF}.Release|x64.ActiveCfg = Release|x64
		{77E2C50F-9EBC-4ADD-AF9E-1EAD0EE603FF}.Release|x64.Build.0 = Release|x64
		{77E2C50F-9EBC-4ADD-AF9E-1EAD0EE603FF}.Release|x86.ActiveCfg = Release|Win32
		{77E2C50F-9EBC-4ADD-AF9E-1EAD0EE603FF}.Release|x86.Build.0 = Release|Win32
		{33DB2B5D-923B-4930-800E-F639F33E0FD8}.Debug|x64.ActiveCfg = Debug|x64
		{33DB2B5D-923B-4930-800E-F639F33E0FD8}.Debug|x64.Build.0 = Debug|x64
		{33DB2B5D-923B-4930-800E-F639F33E0FD8}.Debug|x86.ActiveCfg = Debug|Win32
		{33DB2B5D-923B-4930-800E-F639F33E0FD8}.Debug|x86.Build.0 = Debug|Win32
		{33DB2B5D-923B-4930-800E-F639F33E0FD8}.Release|x64.ActiveCfg = Release|x64
		{33DB2B5D-923B-4930-800E-F639F33E0FD8}.Release|x64.Build.0 = Release|x64
		{33DB2B5D-923B-4930-800E-F639F33E0FD8}.Release|x86.ActiveCfg = Release|Win32
		{33DB2B5D-923B-4930-800E-F639F33E0FD8}.Release|x86.Build.0 = Release|Win32
		{CA46A445-FAA6-4453-8EC0-0D3B34278827}.Debug|x64.ActiveCfg = Debug|x64
		{CA46A445-FAA6-4453-8EC0-0D3B34278827}.Debug|x64.Build.0 = Debug|x64
		{CA46A445-FAA6-4453-8EC0-0D3B34278827}.Debug|x86.ActiveCfg = Debug|Win32
		{CA46A445-FAA6-4453-8EC0-0D3B34278827}.Debug|x86.Build.0 = Debug|Win32
		{CA46A445-FAA6-4453-8EC0-0D3B34278827}.Release|x64.ActiveCfg = Release|x64
		{CA46A445-FAA6-4453-8EC0-0D3B34278827}.Release|x64.Build.0 = Release|x64
		{CA46A445-FAA6-4453-8EC0-0D3B34278827}.Release|x86.ActiveCfg = Release|Win32
		{CA46A445-FAA6-4453-8EC0-0D3B34278827}.Release|x86.Build.0 = Release|Win32
		{9CFFA8D3-E07C-458C-9AC7-A0D653C948B9}.Debug|x64.ActiveCfg = Debug|x64
		{9CFFA8D3-E07C-458C-9AC7-A0D653C948B9}.Debug|x64.Build.0 = Debug|x64
		{9CFFA8D3-E07C-458C-9AC7-A0D653C948B9}.Debug|x86.ActiveCfg = Debug|Win32
		{9CFFA8D3-E07C-458C-9AC7-A0D653C948B9}.Debug|x86.Build.0 = Debug|Win32
		{9CFFA8D3-E07C-458C-9AC7-A0D653C948B9}.Release|x64.ActiveCfg = Release|x64
		{9CFFA8D3-E07C-458C-9AC7-A0D653C948B9}.Release|x64.Build.0 = Release|x64
		{9CFFA8D3-E07C-458C-9AC7-A0D653C948B9}.Release|x86.ActiveCfg = Release|Win32
		{9CFFA8D3-E07C-458C-9AC7-A0D653C948B9}.Release|x86.Build.0 = Release|Win32
		{0F622C40-16F5-4FBC-BCC2-CD193B58453A}.Debug|x64.ActiveCfg = Debug|x64
		{0F622C40-16F5-4FBC-BCC2-CD193B58453A}.Debug|x64.Build.0 = Debug|x64
		{0F622C40-16F5-4FBC-BCC2-CD193B58453A}.Debug|x86.ActiveCfg = Debug|Win32
		{0F622C40-16F5-4FBC-BCC2-CD193B58453A}.Debug|x86.Build.0 = Debug|Win32
		{0F622C40-16F5-4FBC-BCC2-CD193B58453A}.Release|x64.ActiveCfg = Release|x64
		{0F622C40-16F5-4FBC-BCC2-CD193B58453A}.Release|x64.Build.0 = Release|x64
		{0F622C40-16F5-4FBC-BCC2-CD193B58453A}.Release|x86.ActiveCfg = Release|Win32
		{0F622C40-16F5-4FBC-BCC2-CD193B58453A}.Release|x86.Build.0 = Release|Win32
		{A9D8C510-9996-4608-A62F-F41A18E39076}.Debug|x64.ActiveCfg = Debug|x64
		{A9D8C510-9996-4608-A62F-F41A18E39076}.Debug|x64.Build.0 = Debug|x64
		{A9D8C510-9996-4608-A62F-F41A18E39076}.Debug|x86.ActiveCfg = Debug|Win32
		{A9D8C510-9996-4608-A62F-F41A18E39076}.Debug|x86.Build.0 = Debug|Win32
		{A9D8C510-9996-4608-A62F-F41A18E39076}.Release|x64.ActiveCfg = Release|x64
		{A9D8C510-9996-4608-A62F-F41A18E39076}.Release|x64.Build.0 = Release|x64
		{A9D8C510-9996-4608-A62F-F41A18E39076}.Release|x86.ActiveCfg = Release|Win32
		{A9D8C510-9996-4608-A62F-F41A18E39076}.Release|x86.Build.0 = Release|Win32
		{32A48E9F-8397-4E62-BC4B-A992D3D5441C}.Debug|x64.ActiveCfg = Debug|x64
		{32A48E9F-8397-4E62-BC4B-A992D3D5441C}.Debug|x64.Build.0 = Debug|x64
		{32A48E9F-8397-4E62-BC4B-A992D3D5441C}.Debug|x86.ActiveCfg = Debug|Win32
		{32A48E9F-8397-4E62-BC4B-A992D3D5441C}.Debug|x86.Build.0 = Debug|Win32
		{32A48E9F-8397-4E62-BC4B-A992D3D5441C}.Release|x64.ActiveCfg = Release|x64
		{32A48E9F-8397-4E62-BC4B-A992D3D5441C}.Release|x64.Build.0 = Release|x64
		{32A48E9F-8397-4E62-BC4B-A992D3D5441C}.Release|x86.ActiveCfg = Release|Win32
		{32A48E9F-8397-4E62-BC4B-A992D3D5441C}.Release|x86.Build.0 = Release|Win32
		{D81D4A27-A3E4-4FAF-A862-F0D031DA32AA}.Debug|x64.ActiveCfg = Debug|x64
		{D81D4A27-A3E4-4FAF-A862-F0D031DA32AA}.Debug|x64.Build.0 = Debug|x64
		{D81D4A27-A3E4-4FAF-A862-F0D031DA32AA}.Debug|x86.ActiveCfg = Debug|Win32
		{D81D4A27-A3E4-4FAF-A862-F0D031DA32AA}.Debug|x86.Build.0 = Debug|Win32
		{D81D4A27-A3E4-4FAF-A862-F0D031DA32AA}.Release|x64.ActiveCfg = Release|x64
		{D81D4A27-A3E4-4FAF-A862-F0D031DA32AA}.Release|x64.Build.0 = Release|x64
		{D81D4A27-A3E4-4FAF-A862-F0D031DA32AA}.Release|x86.ActiveCfg = Release|Win32
		{D81D4A27-A3E4-4FAF-A862-F0D031DA32AA}.Release|x86.Build.0 = Release|Win32
		{D0FF7002-EEFA-4837-9DB3-B8F1D38F3C94}.Debug|x64.ActiveCfg = Debug|x64
		{D0FF7002-EEFA-4837-9DB3-B8F1D38F3C94}.Debug|x64.Build.0 = Debug|x64
		{D0FF7002-EEFA-4837-9DB3-B8F1D38F3C94}.Debug|x86.ActiveCfg = Debug|Win32
		{D0FF7002-EEFA-4837-9DB3-B8F1D38F3C94}.Debug|x86.Build.0 = Debug|Win32
		{D0FF7002-EEFA-4837-9DB3-B8F1D38F3C94}.Release|x64.ActiveCfg = Release|x64
		{D0FF7002-EEFA-4837-9DB3-B8F1D38F3C94}.Release|x64.Build.0 = Release|x64
		{D0FF7002-EEFA-4837-9DB3-B8F1D38F3C94}.Release|x86.ActiveCfg = Release|Win32
		{D0FF7002-EEFA-4837-9DB3-B8F1D38F3C94}.Release|x86.Build.0 = Release|Win32
		{3F43399F-76FA-4D2B-93AB-4B8729B12558}.Debug|x64.ActiveCfg = Debug|x64
		{3F43399F-76FA-4D2B-93AB-4B8729B12558}.Debug|x64.Build.0 = Debug|x64
		{3F43399F-76FA-4D2B-93AB-4B8729B12558}.Debug|x86.ActiveCfg = Debug|Win32
		{3F43399F-76FA-4D2B-93AB-4B8729B12558}.Debug|x86.Build.0 = Debug|Win32
		{3F43399F-76FA-4D2B-93AB-4B8729B12558}.Release|x64.ActiveCfg = Release|x64
		{3F43399F-76FA-4D2B-93AB-4B8729B12558}.Release|x64.Build.0 = Release|x64
		{3F43399F-76FA-4D2B-93AB-4B8729B12558}.Release|x86.ActiveCfg = Release|Win32
		{3F43399F-76FA-4D2B-93AB-4B8729B12558}.Release|x86.Build.0 = Release|Win32
		{B68D7DA5-847A-47A8-B6BB-BE7E4685B99B}.Debug|x64.ActiveCfg = Debug|x64
		{B68D7DA5-847A-47A8-B6BB-BE7E4685B99B}.Debug|x64.Build.0 = Debug|x64
		{B68D7DA5-847A-47A8-B6BB-BE7E4685B99B}.Debug|x86.ActiveCfg = Debug|Win32
		{B68D7DA5-847A-47A8-B6BB-BE7E4685B99B}.Debug|x86.Build.0 = Debug|Win32
		{B68D7DA5-847A-47A8-B6BB-BE7E4685B99B}.Release|x64.ActiveCfg = Release|x64
		{B68D7DA5-847A-47A8-B6BB-BE7E4685B99B}.Release|x64.Build.0 = Release|x64
		{B68D7DA5-847A-47A8-B6BB-BE7E4685B99B}.Release|x86.ActiveCfg = Release|Win32
		{B68D7DA5-847A-47A8-B6BB-BE7E4685B99B}.Release|x86.Build.0 = Release|Win32
		{2BA80031-221F-47A4-A442-186BC5E3DD4A}.Debug|x64.ActiveCfg = Debug|x64
		{2BA80031-221F-47A4-A442-186BC5E3DD4A}.Debug|x64.Build.0 = Debug|x64
		{2BA80031-221F-47A4-A442-186BC5E3DD4A}.Debug|x86.ActiveCfg = Debug|Win32
		{2BA80031-221F-47A4-A442-186BC5E3DD4A}.Debug|x86.Build.0 = Debug|Win32
		{2BA80031-221F-47A4-A442-186BC5E3DD4A}.Release|x64.ActiveCfg = Release|x64
		{2BA80031-221F-47A4-A442-186BC5E3DD4A}.Release|x64.Build.0 = Release|x64
		{2BA80031-221F-47A4-A442-186BC5E3DD4A}.Release|x86.ActiveCfg = Release|Win32
		{2BA80031-221F-47A4-A442-186BC5E3DD4A}.Release|x86.Build.0 = Release|Win32
		{208787B0-533B-43B5-A410-550934F91E30}.Debug|x64.ActiveCfg = Debug|x64
		{208787B0-533B-43B5-A410-550934F91E30}.Debug|x64.Build.0 = Debug|x64
		{208787B0-533B-43B5-A410-550934F91E30}.Debug|x86.ActiveCfg = Debug|Win32
		{208787B0-533B-43B5-A410-550934F91E30}.Debug|x86.Build.0 = Debug|Win32
		{208787B0-533B-43B5-A410-550934F91E30}.Release|x64.ActiveCfg = Release|x64
		{208787B0-533B-43B5-A410-550934F91E30}.Release|x64.Build.0 = Release|x64
		{208787B0-533B-43B5-A410-550934F91E30}.Release|x86.ActiveCfg = Release|Win32
		{208787B0-533B-43B5-A410-550934F91E30}.Release|x86.Build.0 = Release|Win32
		{BF950D62-5CC7-4E06-B8BE-FACAA68041AD}.Debug|x64.ActiveCfg = Debug|x64
		{BF950D62-5CC7-4E06-B8BE-FACAA68041AD}.Debug|x64.Build.0 = Debug|x64
		{BF950D62-5CC7-4E06-B8BE-FACAA68041AD}.Debug|x86.ActiveCfg = Debug|Win32
		{BF950D62-5CC7-4E06-B8BE-FACAA68041AD}.Debug|x86.Build.0 = Debug|Win32
		{BF950D62-5CC7-4E06-B8BE-FACAA68041AD}.Release|x64.ActiveCfg = Release|x64
		{BF950D62-5CC7-4E06-B8BE-FACAA68041AD}.Release|x64.Build.0 = Release|x64
		{BF950D62-5CC7-4E06-B8BE-FACAA68041AD}.Release|x86.ActiveCfg = Release|Win32
		{BF950D62-5CC7-4E06-B8BE-FACAA68041AD}.Release|x86.Build.0 = Release|Win32
		{0BB11233-15DF-4D5C-9648-42B711F97BD8}.Debug|x64.ActiveCfg = Debug|x64
		{0BB11233-15DF-4D5C-9648-42B711F97BD8}.Debug|x64.Build.0 = Debug|x64
		{0BB11233-15DF-4D5C-9648-42B711F97BD8}.Debug|x86.ActiveCfg = Debug|Win32
		{0BB11233-15DF-4D5C-9648-42B711F97BD8}.Debug|x86.Build.0 = Debug|Win32
		{0BB11233-15DF-4D5C-9648-42B711F97BD8}.Release|x64.ActiveCfg = Release|x64
		{0BB11233-15DF-4D5C-9648-42B711F97BD8}.Release|x64.Build.0 = Release|x64
		{0BB11233-15DF-4D5C-9648-42B711F97BD8}.Release|x86.ActiveCfg = Release|Win32
		{0BB11233-15DF-4D5C-9648-42B711F97BD8}.Release|x86.Build.0 = Release|Win32
		{65B9C594-FA2F-42DE-8522-BDA31CF6F27F}.Debug|x64.ActiveCfg = Debug|x64
		{65B9C594-FA2F-42DE-8522-BDA31CF6F27F}.Debug|x64.Build.0 = Debug|x64
		{65B9C594-FA2F-42DE-8522-BDA31CF6F27F}.Debug|x86.ActiveCfg = Debug|Win32
		{65B9C594-FA2F-42DE-8522-BDA31CF6F27F}.Debug|x86.Build.0 = Debug|Win32
		{65B9C594-FA2F-42DE-8522-BDA31CF6F27F}.Release|x64.ActiveCfg = Release|x64
		{65B9C594-FA2F-42DE-8522-BDA31CF6F27F}.Release|x64.Build.0 = Release|x64
		{65B9C594-FA2F-42DE-8522-BDA31CF6F27F}.Release|x86.ActiveCfg = Release|Win32
		{65B9C594-FA2F-42DE-8522-BDA31CF6F27F}.Release|x86.Build.0 = Release|Win32
		{F7CBCFF9-E26E-4440-8E7B-97545B9A233A}.Debug|x64.ActiveCfg = Debug|x64
		{F7CBCFF9-E26E-4440-8E7B-97545B9A233A}.Debug|x64.Build.0 = Debug|x64
		{F7CBCFF9-E26E-4440-8E7B-97545B9A233A}.Debug|x86.ActiveCfg = Debug|Win32
		{F7CBCFF9-E26E-4440-8E7B-97545B9A233A}.Debug|x86.Build.0 = Debug|Win32
		{F7CBCFF9-E26E-4440-8E7B-97545B9A233A}.Release|x64.ActiveCfg = Release|x64
		{F7CBCFF9-E26E-4440-8E7B-97545B9A233A}.Release|x64.Build.0 = Release|x64
		{F7CBCFF9-E26E-4440-8E7B-97545B9A233A}.Release|x86.ActiveCfg = Release|Win32
		{F7CBCFF9-E26E-4440-8E7B-97545B9A233A}.Release|x86.Build.0 = Release|Win32
		{3244F277-B431-4B9F-B227-90A70A997C87}.Debug|x64.ActiveCfg = Debug|x64
		{3244F277-B431-4B9F-B227-90A70A997C87}.Debug|x64.Build.0 = Debug|x64
		{3244F277-B431-4B9F-B227-90A70A997C87}.Debug|x86.ActiveCfg = Debug|Win32
		{3244F277-B431-4B9F-B227-90A70A997C87}.Debug|x86.Build.0 = Debug|Win32
		{3244F277-B431-4B9F-B227-90A70A997C87}.Release|x64.ActiveCfg = Release|x64
		{3244F277-B431-4B9F-B227-90A70A997C87}.Release|x64.Build.0 = Release|x64
		{3244F277-B431-4B9F-B227-90A70A997C87}.Release|x86.ActiveCfg = Release|Win32
		{3244F277-B431-4B9F-B227-90A70A997C87}.Release|x86.Build.0 = Release|Win32
		{91294AFC-405C-467F-B0CD-B16A20E06323}.Debug|x64.ActiveCfg = Debug|x64
		{91294AFC-405C-467F-B0CD-B16A20E06323}.Debug|x64.Build.0 = Debug|x64
		{91294AFC-405C-467F-B0CD-B16A20E06323}.Debug|x86.ActiveCfg = Debug|Win32
		{91294AFC-405C-467F-B0CD-B16A20E06323}.Debug|x86.Build.0 = Debug|Win32
		{91294AFC-405C-467F-B0CD-B16A20E06323}.Release|x64.ActiveCfg = Release|x64
		{91294AFC-405C-467F-B0CD-B16A20E06323}.Release|x64.Build.0 = Release|x64
		{91294AFC-405C-467F-B0CD-B16A20E06323}.Release|x86.ActiveCfg = Release|Win32
		{91294AFC-405C-467F-B0CD-B16A20E06323}.Release|x86.Build.0 = Release|Win32
		{78AA46DC-0886-49D9-B5FC-82870A49EFA7}.Debug|x64.ActiveCfg = Debug|x64
		{78AA46DC-0886-49D9-B5FC-82870A49EFA7}.Debug|x64.Build.0 = Debug|x64
		{78AA46DC-0886-49D9-B5FC-82870A49EFA7}.Debug|x86.ActiveCfg = Debug|Win32
		{78AA46DC-0886-49D9-B5FC-82870A49EFA7}.Debug|x86.Build.0 = Debug|Win32
		{78AA46DC-0886-49D9-B5FC-82870A49EFA7}.Release|x64.ActiveCfg = Release|x64
		{78AA46DC-0886-49D9-B5FC-82870A49EFA7}.Release|x64.Build.0 = Release|x64
		{78AA46DC-0886-49D9-B5FC-82870A49EFA7}.Release|x86.ActiveCfg = Release|Win32
		{78AA46DC-0886-49D9-B5FC-82870A49EFA7}.Release|x86.Build.0 = Release|Win32
		{9345AE11-8B54-4A69-B889-7D6374F56DB8}.Debug|x64.ActiveCfg = Debug|x64
		{9345AE11-8B54-4A69-B889-7D6374F56DB8}.Debug|x64.Build.0 = Debug|x64
		{9345AE11-8B54-4A69-B889-7D6374F56DB8}.Debug|x86.ActiveCfg = Debug|Win32
		{9345AE11-8B54-4A69-B889-7D6374F56DB8}.Debug|x86.Build.0 = Debug|Win32
		{9345AE11-8B54-4A69-B889-7D6374F56DB8}.Release|x64.ActiveCfg = Release|x64
		{9345AE11-8B54-4A69-B889-7D6374F56DB8}.Release|x64.Build.0 = Release|x64
		{9345AE11-8B54-4A69-B889-7D6374F56DB8}.Release|x86.ActiveCfg = Release|Win32
		{9345AE11-8B54-4A69-B889-7D6374F56DB8}.Release|x86.Build.0 = Release|Win32
		{F3DD4D5D-5456-48F2-8313-26333629E29B}.Debug|x64.ActiveCfg = Debug|x64
		{F3DD4D5D-5456-48F2-8313-26333629E29B}.Debug|x64.Build.0 = Debug|x64
		{F3DD4D5D-5456-48F2-8313-26333629E29B}.Debug|x86.ActiveCfg = Debug|Win32
		{F3DD4D5D-5456-48F2-8313-26333629E29B}.Debug|x86.Build.0 = Debug|Win32
		{F3DD4D5D-5456-48F2-8313-26333629E29B}.Release|x64.ActiveCfg = Release|x64
		{F3DD4D5D-5456-48F2-8313-26333629E29B}.Release|x64.Build.0 = Release|x64
		{F3DD4D5D-5456-48F2-8313-26333629E29B}.Release|x86.ActiveCfg = Release|Win32
		{F3DD4D5D-5456-48F2-8313-26333629E29B}.Release|x86.Build.0 = Release|Win32
	EndGlobalSection
	GlobalSection(SolutionProperties) = preSolution
		HideSolutionNode = FALSE
	EndGlobalSection
	GlobalSection(ExtensibilityGlobals) = postSolution
		SolutionGuid = {5E42A2A1-121E-4611-A569-95834CFE4049}
	EndGlobalSection
EndGlobal
