
Microsoft Visual Studio Solution File, Format Version 12.00
# Visual Studio Version 17
VisualStudioVersion = 17.7.34031.279
MinimumVisualStudioVersion = 10.0.40219.1
Project("{8BC9CEB8-8B4A-11D0-8D11-00A0C91BC942}") = "CodingTestPrepare", "CodingTestPrepare\CodingTestPrepare.vcxproj", "{84D09676-084E-447E-B185-7363823085CC}"
EndProject
Project("{8BC9CEB8-8B4A-11D0-8D11-00A0C91BC942}") = "CodeTest2", "CodeTest2\CodeTest2.vcxproj", "{8BC3E272-7A04-4E26-8BB5-3989D9700F51}"
EndProject
Project("{8BC9CEB8-8B4A-11D0-8D11-00A0C91BC942}") = "STACK_QUEUE_003", "STACK_QUEUE_003\STACK_QUEUE_003.vcxproj", "{68207F00-0F86-474A-A5BC-FBF16955ACBF}"
EndProject
Project("{8BC9CEB8-8B4A-11D0-8D11-00A0C91BC942}") = "Stack_Queue_002", "Stack_Queue_002\Stack_Queue_002.vcxproj", "{998D3BDA-55F4-40A5-ADA0-22E89694BD5F}"
EndProject
Project("{8BC9CEB8-8B4A-11D0-8D11-00A0C91BC942}") = "Stack_Queue004", "Stack_Queue004\Stack_Queue004.vcxproj", "{1C934558-78AD-482B-AFAB-D7C87576249C}"
EndProject
Project("{8BC9CEB8-8B4A-11D0-8D11-00A0C91BC942}") = "RoofTopProblem", "RoofTopProblem\RoofTopProblem.vcxproj", "{A397A1D7-7B7A-4E5A-BFDE-2A803F543B42}"
EndProject
Project("{8BC9CEB8-8B4A-11D0-8D11-00A0C91BC942}") = "HeapCodTest_001", "HeapCodTest_001\HeapCodTest_001.vcxproj", "{A96940E4-6DBE-4A3E-B154-9B13C7087725}"
EndProject
Project("{8BC9CEB8-8B4A-11D0-8D11-00A0C91BC942}") = "HeapCodTest_002", "HeapCodTest_002\HeapCodTest_002.vcxproj", "{218BBECC-DEE9-44B8-8AE4-71A69EA893AB}"
EndProject
Project("{8BC9CEB8-8B4A-11D0-8D11-00A0C91BC942}") = "HeapCodTest_003", "HeapCodTest_003\HeapCodTest_003.vcxproj", "{966DEF4D-03B7-463D-80E3-914391AAB3E9}"
EndProject
Project("{8BC9CEB8-8B4A-11D0-8D11-00A0C91BC942}") = "HeapCodTest_004", "HeapCodTest_004\HeapCodTest_004.vcxproj", "{DBC72D62-50B2-4B75-B354-53DC0FE4E715}"
EndProject
Project("{8BC9CEB8-8B4A-11D0-8D11-00A0C91BC942}") = "HeapCodTest_005", "HeapCodTest_005\HeapCodTest_005.vcxproj", "{C037DBD9-1E13-4CF6-A392-8A82FE21541F}"
EndProject
Project("{8BC9CEB8-8B4A-11D0-8D11-00A0C91BC942}") = "Samples", "Samples\Samples.vcxproj", "{D84B1F60-F5F7-4644-AB61-AB6611CADE38}"
EndProject
Project("{8BC9CEB8-8B4A-11D0-8D11-00A0C91BC942}") = "DFS_BFS_001", "DFS_BFS_001\DFS_BFS_001.vcxproj", "{31C8245E-5C60-4676-90DE-8A629A7F743C}"
EndProject
Project("{8BC9CEB8-8B4A-11D0-8D11-00A0C91BC942}") = "DFS_BFS_002", "DFS_BFS_002\DFS_BFS_002.vcxproj", "{0054A713-6404-475B-8277-B5BF737B3495}"
EndProject
Project("{8BC9CEB8-8B4A-11D0-8D11-00A0C91BC942}") = "DFS_BFS_003", "DFS_BFS_003\DFS_BFS_003.vcxproj", "{73938D55-6C85-42F8-A90D-8F1BA0F9E4FD}"
EndProject
Project("{8BC9CEB8-8B4A-11D0-8D11-00A0C91BC942}") = "HashCodTest_001", "HashCodTest_001\HashCodTest_001.vcxproj", "{90BE8E41-ED76-48C4-A492-F7A2DFBAE0BF}"
EndProject
Project("{8BC9CEB8-8B4A-11D0-8D11-00A0C91BC942}") = "HashCodTest_002", "HashCodTest_002\HashCodTest_002.vcxproj", "{77E2C50F-9EBC-4ADD-AF9E-1EAD0EE603FF}"
EndProject
Project("{8BC9CEB8-8B4A-11D0-8D11-00A0C91BC942}") = "DFS_BFS_004", "DFS_BFS_004\DFS_BFS_004.vcxproj", "{33DB2B5D-923B-4930-800E-F639F33E0FD8}"
EndProject
Project("{8BC9CEB8-8B4A-11D0-8D11-00A0C91BC942}") = "DP_001", "DP_001\DP_001.vcxproj", "{CA46A445-FAA6-4453-8EC0-0D3B34278827}"
EndProject
Project("{8BC9CEB8-8B4A-11D0-8D11-00A0C91BC942}") = "DP_002", "DP_002\DP_002.vcxproj", "{9CFFA8D3-E07C-458C-9AC7-A0D653C948B9}"
EndProject
Project("{8BC9CEB8-8B4A-11D0-8D11-00A0C91BC942}") = "DP_003", "DP_003\DP_003.vcxproj", "{0F622C40-16F5-4FBC-BCC2-CD193B58453A}"
EndProject
Global
	GlobalSection(SolutionConfigurationPlatforms) = preSolution
		Debug|x64 = Debug|x64
		Debug|x86 = Debug|x86
		Release|x64 = Release|x64
		Release|x86 = Release|x86
	EndGlobalSection
	GlobalSection(ProjectConfigurationPlatforms) = postSolution
		{84D09676-084E-447E-B185-7363823085CC}.Debug|x64.ActiveCfg = Debug|x64
		{84D09676-084E-447E-B185-7363823085CC}.Debug|x64.Build.0 = Debug|x64
		{84D09676-084E-447E-B185-7363823085CC}.Debug|x86.ActiveCfg = Debug|Win32
		{84D09676-084E-447E-B185-7363823085CC}.Debug|x86.Build.0 = Debug|Win32
		{84D09676-084E-447E-B185-7363823085CC}.Release|x64.ActiveCfg = Release|x64
		{84D09676-084E-447E-B185-7363823085CC}.Release|x64.Build.0 = Release|x64
		{84D09676-084E-447E-B185-7363823085CC}.Release|x86.ActiveCfg = Release|Win32
		{84D09676-084E-447E-B185-7363823085CC}.Release|x86.Build.0 = Release|Win32
		{8BC3E272-7A04-4E26-8BB5-3989D9700F51}.Debug|x64.ActiveCfg = Debug|x64
		{8BC3E272-7A04-4E26-8BB5-3989D9700F51}.Debug|x64.Build.0 = Debug|x64
		{8BC3E272-7A04-4E26-8BB5-3989D9700F51}.Debug|x86.ActiveCfg = Debug|Win32
		{8BC3E272-7A04-4E26-8BB5-3989D9700F51}.Debug|x86.Build.0 = Debug|Win32
		{8BC3E272-7A04-4E26-8BB5-3989D9700F51}.Release|x64.ActiveCfg = Release|x64
		{8BC3E272-7A04-4E26-8BB5-3989D9700F51}.Release|x64.Build.0 = Release|x64
		{8BC3E272-7A04-4E26-8BB5-3989D9700F51}.Release|x86.ActiveCfg = Release|Win32
		{8BC3E272-7A04-4E26-8BB5-3989D9700F51}.Release|x86.Build.0 = Release|Win32
		{68207F00-0F86-474A-A5BC-FBF16955ACBF}.Debug|x64.ActiveCfg = Debug|x64
		{68207F00-0F86-474A-A5BC-FBF16955ACBF}.Debug|x64.Build.0 = Debug|x64
		{68207F00-0F86-474A-A5BC-FBF16955ACBF}.Debug|x86.ActiveCfg = Debug|Win32
		{68207F00-0F86-474A-A5BC-FBF16955ACBF}.Debug|x86.Build.0 = Debug|Win32
		{68207F00-0F86-474A-A5BC-FBF16955ACBF}.Release|x64.ActiveCfg = Release|x64
		{68207F00-0F86-474A-A5BC-FBF16955ACBF}.Release|x64.Build.0 = Release|x64
		{68207F00-0F86-474A-A5BC-FBF16955ACBF}.Release|x86.ActiveCfg = Release|Win32
		{68207F00-0F86-474A-A5BC-FBF16955ACBF}.Release|x86.Build.0 = Release|Win32
		{998D3BDA-55F4-40A5-ADA0-22E89694BD5F}.Debug|x64.ActiveCfg = Debug|x64
		{998D3BDA-55F4-40A5-ADA0-22E89694BD5F}.Debug|x64.Build.0 = Debug|x64
		{998D3BDA-55F4-40A5-ADA0-22E89694BD5F}.Debug|x86.ActiveCfg = Debug|Win32
		{998D3BDA-55F4-40A5-ADA0-22E89694BD5F}.Debug|x86.Build.0 = Debug|Win32
		{998D3BDA-55F4-40A5-ADA0-22E89694BD5F}.Release|x64.ActiveCfg = Release|x64
		{998D3BDA-55F4-40A5-ADA0-22E89694BD5F}.Release|x64.Build.0 = Release|x64
		{998D3BDA-55F4-40A5-ADA0-22E89694BD5F}.Release|x86.ActiveCfg = Release|Win32
		{998D3BDA-55F4-40A5-ADA0-22E89694BD5F}.Release|x86.Build.0 = Release|Win32
		{1C934558-78AD-482B-AFAB-D7C87576249C}.Debug|x64.ActiveCfg = Debug|x64
		{1C934558-78AD-482B-AFAB-D7C87576249C}.Debug|x64.Build.0 = Debug|x64
		{1C934558-78AD-482B-AFAB-D7C87576249C}.Debug|x86.ActiveCfg = Debug|Win32
		{1C934558-78AD-482B-AFAB-D7C87576249C}.Debug|x86.Build.0 = Debug|Win32
		{1C934558-78AD-482B-AFAB-D7C87576249C}.Release|x64.ActiveCfg = Release|x64
		{1C934558-78AD-482B-AFAB-D7C87576249C}.Release|x64.Build.0 = Release|x64
		{1C934558-78AD-482B-AFAB-D7C87576249C}.Release|x86.ActiveCfg = Release|Win32
		{1C934558-78AD-482B-AFAB-D7C87576249C}.Release|x86.Build.0 = Release|Win32
		{A397A1D7-7B7A-4E5A-BFDE-2A803F543B42}.Debug|x64.ActiveCfg = Debug|x64
		{A397A1D7-7B7A-4E5A-BFDE-2A803F543B42}.Debug|x64.Build.0 = Debug|x64
		{A397A1D7-7B7A-4E5A-BFDE-2A803F543B42}.Debug|x86.ActiveCfg = Debug|Win32
		{A397A1D7-7B7A-4E5A-BFDE-2A803F543B42}.Debug|x86.Build.0 = Debug|Win32
		{A397A1D7-7B7A-4E5A-BFDE-2A803F543B42}.Release|x64.ActiveCfg = Release|x64
		{A397A1D7-7B7A-4E5A-BFDE-2A803F543B42}.Release|x64.Build.0 = Release|x64
		{A397A1D7-7B7A-4E5A-BFDE-2A803F543B42}.Release|x86.ActiveCfg = Release|Win32
		{A397A1D7-7B7A-4E5A-BFDE-2A803F543B42}.Release|x86.Build.0 = Release|Win32
		{A96940E4-6DBE-4A3E-B154-9B13C7087725}.Debug|x64.ActiveCfg = Debug|x64
		{A96940E4-6DBE-4A3E-B154-9B13C7087725}.Debug|x64.Build.0 = Debug|x64
		{A96940E4-6DBE-4A3E-B154-9B13C7087725}.Debug|x86.ActiveCfg = Debug|Win32
		{A96940E4-6DBE-4A3E-B154-9B13C7087725}.Debug|x86.Build.0 = Debug|Win32
		{A96940E4-6DBE-4A3E-B154-9B13C7087725}.Release|x64.ActiveCfg = Release|x64
		{A96940E4-6DBE-4A3E-B154-9B13C7087725}.Release|x64.Build.0 = Release|x64
		{A96940E4-6DBE-4A3E-B154-9B13C7087725}.Release|x86.ActiveCfg = Release|Win32
		{A96940E4-6DBE-4A3E-B154-9B13C7087725}.Release|x86.Build.0 = Release|Win32
		{218BBECC-DEE9-44B8-8AE4-71A69EA893AB}.Debug|x64.ActiveCfg = Debug|x64
		{218BBECC-DEE9-44B8-8AE4-71A69EA893AB}.Debug|x64.Build.0 = Debug|x64
		{218BBECC-DEE9-44B8-8AE4-71A69EA893AB}.Debug|x86.ActiveCfg = Debug|Win32
		{218BBECC-DEE9-44B8-8AE4-71A69EA893AB}.Debug|x86.Build.0 = Debug|Win32
		{218BBECC-DEE9-44B8-8AE4-71A69EA893AB}.Release|x64.ActiveCfg = Release|x64
		{218BBECC-DEE9-44B8-8AE4-71A69EA893AB}.Release|x64.Build.0 = Release|x64
		{218BBECC-DEE9-44B8-8AE4-71A69EA893AB}.Release|x86.ActiveCfg = Release|Win32
		{218BBECC-DEE9-44B8-8AE4-71A69EA893AB}.Release|x86.Build.0 = Release|Win32
		{966DEF4D-03B7-463D-80E3-914391AAB3E9}.Debug|x64.ActiveCfg = Debug|x64
		{966DEF4D-03B7-463D-80E3-914391AAB3E9}.Debug|x64.Build.0 = Debug|x64
		{966DEF4D-03B7-463D-80E3-914391AAB3E9}.Debug|x86.ActiveCfg = Debug|Win32
		{966DEF4D-03B7-463D-80E3-914391AAB3E9}.Debug|x86.Build.0 = Debug|Win32
		{966DEF4D-03B7-463D-80E3-914391AAB3E9}.Release|x64.ActiveCfg = Release|x64
		{966DEF4D-03B7-463D-80E3-914391AAB3E9}.Release|x64.Build.0 = Release|x64
		{966DEF4D-03B7-463D-80E3-914391AAB3E9}.Release|x86.ActiveCfg = Release|Win32
		{966DEF4D-03B7-463D-80E3-914391AAB3E9}.Release|x86.Build.0 = Release|Win32
		{DBC72D62-50B2-4B75-B354-53DC0FE4E715}.Debug|x64.ActiveCfg = Debug|x64
		{DBC72D62-50B2-4B75-B354-53DC0FE4E715}.Debug|x64.Build.0 = Debug|x64
		{DBC72D62-50B2-4B75-B354-53DC0FE4E715}.Debug|x86.ActiveCfg = Debug|Win32
		{DBC72D62-50B2-4B75-B354-53DC0FE4E715}.Debug|x86.Build.0 = Debug|Win32
		{DBC72D62-50B2-4B75-B354-53DC0FE4E715}.Release|x64.ActiveCfg = Release|x64
		{DBC72D62-50B2-4B75-B354-53DC0FE4E715}.Release|x64.Build.0 = Release|x64
		{DBC72D62-50B2-4B75-B354-53DC0FE4E715}.Release|x86.ActiveCfg = Release|Win32
		{DBC72D62-50B2-4B75-B354-53DC0FE4E715}.Release|x86.Build.0 = Release|Win32
		{C037DBD9-1E13-4CF6-A392-8A82FE21541F}.Debug|x64.ActiveCfg = Debug|x64
		{C037DBD9-1E13-4CF6-A392-8A82FE21541F}.Debug|x64.Build.0 = Debug|x64
		{C037DBD9-1E13-4CF6-A392-8A82FE21541F}.Debug|x86.ActiveCfg = Debug|Win32
		{C037DBD9-1E13-4CF6-A392-8A82FE21541F}.Debug|x86.Build.0 = Debug|Win32
		{C037DBD9-1E13-4CF6-A392-8A82FE21541F}.Release|x64.ActiveCfg = Release|x64
		{C037DBD9-1E13-4CF6-A392-8A82FE21541F}.Release|x64.Build.0 = Release|x64
		{C037DBD9-1E13-4CF6-A392-8A82FE21541F}.Release|x86.ActiveCfg = Release|Win32
		{C037DBD9-1E13-4CF6-A392-8A82FE21541F}.Release|x86.Build.0 = Release|Win32
		{D84B1F60-F5F7-4644-AB61-AB6611CADE38}.Debug|x64.ActiveCfg = Debug|x64
		{D84B1F60-F5F7-4644-AB61-AB6611CADE38}.Debug|x64.Build.0 = Debug|x64
		{D84B1F60-F5F7-4644-AB61-AB6611CADE38}.Debug|x86.ActiveCfg = Debug|Win32
		{D84B1F60-F5F7-4644-AB61-AB6611CADE38}.Debug|x86.Build.0 = Debug|Win32
		{D84B1F60-F5F7-4644-AB61-AB6611CADE38}.Release|x64.ActiveCfg = Release|x64
		{D84B1F60-F5F7-4644-AB61-AB6611CADE38}.Release|x64.Build.0 = Release|x64
		{D84B1F60-F5F7-4644-AB61-AB6611CADE38}.Release|x86.ActiveCfg = Release|Win32
		{D84B1F60-F5F7-4644-AB61-AB6611CADE38}.Release|x86.Build.0 = Release|Win32
		{31C8245E-5C60-4676-90DE-8A629A7F743C}.Debug|x64.ActiveCfg = Debug|x64
		{31C8245E-5C60-4676-90DE-8A629A7F743C}.Debug|x64.Build.0 = Debug|x64
		{31C8245E-5C60-4676-90DE-8A629A7F743C}.Debug|x86.ActiveCfg = Debug|Win32
		{31C8245E-5C60-4676-90DE-8A629A7F743C}.Debug|x86.Build.0 = Debug|Win32
		{31C8245E-5C60-4676-90DE-8A629A7F743C}.Release|x64.ActiveCfg = Release|x64
		{31C8245E-5C60-4676-90DE-8A629A7F743C}.Release|x64.Build.0 = Release|x64
		{31C8245E-5C60-4676-90DE-8A629A7F743C}.Release|x86.ActiveCfg = Release|Win32
		{31C8245E-5C60-4676-90DE-8A629A7F743C}.Release|x86.Build.0 = Release|Win32
		{0054A713-6404-475B-8277-B5BF737B3495}.Debug|x64.ActiveCfg = Debug|x64
		{0054A713-6404-475B-8277-B5BF737B3495}.Debug|x64.Build.0 = Debug|x64
		{0054A713-6404-475B-8277-B5BF737B3495}.Debug|x86.ActiveCfg = Debug|Win32
		{0054A713-6404-475B-8277-B5BF737B3495}.Debug|x86.Build.0 = Debug|Win32
		{0054A713-6404-475B-8277-B5BF737B3495}.Release|x64.ActiveCfg = Release|x64
		{0054A713-6404-475B-8277-B5BF737B3495}.Release|x64.Build.0 = Release|x64
		{0054A713-6404-475B-8277-B5BF737B3495}.Release|x86.ActiveCfg = Release|Win32
		{0054A713-6404-475B-8277-B5BF737B3495}.Release|x86.Build.0 = Release|Win32
		{73938D55-6C85-42F8-A90D-8F1BA0F9E4FD}.Debug|x64.ActiveCfg = Debug|x64
		{73938D55-6C85-42F8-A90D-8F1BA0F9E4FD}.Debug|x64.Build.0 = Debug|x64
		{73938D55-6C85-42F8-A90D-8F1BA0F9E4FD}.Debug|x86.ActiveCfg = Debug|Win32
		{73938D55-6C85-42F8-A90D-8F1BA0F9E4FD}.Debug|x86.Build.0 = Debug|Win32
		{73938D55-6C85-42F8-A90D-8F1BA0F9E4FD}.Release|x64.ActiveCfg = Release|x64
		{73938D55-6C85-42F8-A90D-8F1BA0F9E4FD}.Release|x64.Build.0 = Release|x64
		{73938D55-6C85-42F8-A90D-8F1BA0F9E4FD}.Release|x86.ActiveCfg = Release|Win32
		{73938D55-6C85-42F8-A90D-8F1BA0F9E4FD}.Release|x86.Build.0 = Release|Win32
		{90BE8E41-ED76-48C4-A492-F7A2DFBAE0BF}.Debug|x64.ActiveCfg = Debug|x64
		{90BE8E41-ED76-48C4-A492-F7A2DFBAE0BF}.Debug|x64.Build.0 = Debug|x64
		{90BE8E41-ED76-48C4-A492-F7A2DFBAE0BF}.Debug|x86.ActiveCfg = Debug|Win32
		{90BE8E41-ED76-48C4-A492-F7A2DFBAE0BF}.Debug|x86.Build.0 = Debug|Win32
		{90BE8E41-ED76-48C4-A492-F7A2DFBAE0BF}.Release|x64.ActiveCfg = Release|x64
		{90BE8E41-ED76-48C4-A492-F7A2DFBAE0BF}.Release|x64.Build.0 = Release|x64
		{90BE8E41-ED76-48C4-A492-F7A2DFBAE0BF}.Release|x86.ActiveCfg = Release|Win32
		{90BE8E41-ED76-48C4-A492-F7A2DFBAE0BF}.Release|x86.Build.0 = Release|Win32
		{77E2C50F-9EBC-4ADD-AF9E-1EAD0EE603FF}.Debug|x64.ActiveCfg = Debug|x64
		{77E2C50F-9EBC-4ADD-AF9E-1EAD0EE603FF}.Debug|x64.Build.0 = Debug|x64
		{77E2C50F-9EBC-4ADD-AF9E-1EAD0EE603FF}.Debug|x86.ActiveCfg = Debug|Win32
		{77E2C50F-9EBC-4ADD-AF9E-1EAD0EE603FF}.Debug|x86.Build.0 = Debug|Win32
		{77E2C50F-9EBC-4ADD-AF9E-1EAD0EE603FF}.Release|x64.ActiveCfg = Release|x64
		{77E2C50F-9EBC-4ADD-AF9E-1EAD0EE603FF}.Release|x64.Build.0 = Release|x64
		{77E2C50F-9EBC-4ADD-AF9E-1EAD0EE603FF}.Release|x86.ActiveCfg = Release|Win32
		{77E2C50F-9EBC-4ADD-AF9E-1EAD0EE603FF}.Release|x86.Build.0 = Release|Win32
		{33DB2B5D-923B-4930-800E-F639F33E0FD8}.Debug|x64.ActiveCfg = Debug|x64
		{33DB2B5D-923B-4930-800E-F639F33E0FD8}.Debug|x64.Build.0 = Debug|x64
		{33DB2B5D-923B-4930-800E-F639F33E0FD8}.Debug|x86.ActiveCfg = Debug|Win32
		{33DB2B5D-923B-4930-800E-F639F33E0FD8}.Debug|x86.Build.0 = Debug|Win32
		{33DB2B5D-923B-4930-800E-F639F33E0FD8}.Release|x64.ActiveCfg = Release|x64
		{33DB2B5D-923B-4930-800E-F639F33E0FD8}.Release|x64.Build.0 = Release|x64
		{33DB2B5D-923B-4930-800E-F639F33E0FD8}.Release|x86.ActiveCfg = Release|Win32
		{33DB2B5D-923B-4930-800E-F639F33E0FD8}.Release|x86.Build.0 = Release|Win32
		{CA46A445-FAA6-4453-8EC0-0D3B34278827}.Debug|x64.ActiveCfg = Debug|x64
		{CA46A445-FAA6-4453-8EC0-0D3B34278827}.Debug|x64.Build.0 = Debug|x64
		{CA46A445-FAA6-4453-8EC0-0D3B34278827}.Debug|x86.ActiveCfg = Debug|Win32
		{CA46A445-FAA6-4453-8EC0-0D3B34278827}.Debug|x86.Build.0 = Debug|Win32
		{CA46A445-FAA6-4453-8EC0-0D3B34278827}.Release|x64.ActiveCfg = Release|x64
		{CA46A445-FAA6-4453-8EC0-0D3B34278827}.Release|x64.Build.0 = Release|x64
		{CA46A445-FAA6-4453-8EC0-0D3B34278827}.Release|x86.ActiveCfg = Release|Win32
		{CA46A445-FAA6-4453-8EC0-0D3B34278827}.Release|x86.Build.0 = Release|Win32
		{9CFFA8D3-E07C-458C-9AC7-A0D653C948B9}.Debug|x64.ActiveCfg = Debug|x64
		{9CFFA8D3-E07C-458C-9AC7-A0D653C948B9}.Debug|x64.Build.0 = Debug|x64
		{9CFFA8D3-E07C-458C-9AC7-A0D653C948B9}.Debug|x86.ActiveCfg = Debug|Win32
		{9CFFA8D3-E07C-458C-9AC7-A0D653C948B9}.Debug|x86.Build.0 = Debug|Win32
		{9CFFA8D3-E07C-458C-9AC7-A0D653C948B9}.Release|x64.ActiveCfg = Release|x64
		{9CFFA8D3-E07C-458C-9AC7-A0D653C948B9}.Release|x64.Build.0 = Release|x64
		{9CFFA8D3-E07C-458C-9AC7-A0D653C948B9}.Release|x86.ActiveCfg = Release|Win32
		{9CFFA8D3-E07C-458C-9AC7-A0D653C948B9}.Release|x86.Build.0 = Release|Win32
		{0F622C40-16F5-4FBC-BCC2-CD193B58453A}.Debug|x64.ActiveCfg = Debug|x64
		{0F622C40-16F5-4FBC-BCC2-CD193B58453A}.Debug|x64.Build.0 = Debug|x64
		{0F622C40-16F5-4FBC-BCC2-CD193B58453A}.Debug|x86.ActiveCfg = Debug|Win32
		{0F622C40-16F5-4FBC-BCC2-CD193B58453A}.Debug|x86.Build.0 = Debug|Win32
		{0F622C40-16F5-4FBC-BCC2-CD193B58453A}.Release|x64.ActiveCfg = Release|x64
		{0F622C40-16F5-4FBC-BCC2-CD193B58453A}.Release|x64.Build.0 = Release|x64
		{0F622C40-16F5-4FBC-BCC2-CD193B58453A}.Release|x86.ActiveCfg = Release|Win32
		{0F622C40-16F5-4FBC-BCC2-CD193B58453A}.Release|x86.Build.0 = Release|Win32
	EndGlobalSection
	GlobalSection(SolutionProperties) = preSolution
		HideSolutionNode = FALSE
	EndGlobalSection
	GlobalSection(ExtensibilityGlobals) = postSolution
		SolutionGuid = {5E42A2A1-121E-4611-A569-95834CFE4049}
	EndGlobalSection
EndGlobal
