
Microsoft Visual Studio Solution File, Format Version 12.00
# Visual Studio Version 17
VisualStudioVersion = 17.7.34031.279
MinimumVisualStudioVersion = 10.0.40219.1
Project("{8BC9CEB8-8B4A-11D0-8D11-00A0C91BC942}") = "CodingTestPrepare", "CodingTestPrepare\CodingTestPrepare.vcxproj", "{84D09676-084E-447E-B185-7363823085CC}"
EndProject
Project("{8BC9CEB8-8B4A-11D0-8D11-00A0C91BC942}") = "CodeTest2", "CodeTest2\CodeTest2.vcxproj", "{8BC3E272-7A04-4E26-8BB5-3989D9700F51}"
EndProject
Project("{8BC9CEB8-8B4A-11D0-8D11-00A0C91BC942}") = "STACK_QUEUE_003", "STACK_QUEUE_003\STACK_QUEUE_003.vcxproj", "{68207F00-0F86-474A-A5BC-FBF16955ACBF}"
EndProject
Project("{8BC9CEB8-8B4A-11D0-8D11-00A0C91BC942}") = "Stack_Queue_002", "Stack_Queue_002\Stack_Queue_002.vcxproj", "{998D3BDA-55F4-40A5-ADA0-22E89694BD5F}"
EndProject
Project("{8BC9CEB8-8B4A-11D0-8D11-00A0C91BC942}") = "Stack_Queue004", "Stack_Queue004\Stack_Queue004.vcxproj", "{1C934558-78AD-482B-AFAB-D7C87576249C}"
EndProject
Project("{8BC9CEB8-8B4A-11D0-8D11-00A0C91BC942}") = "RoofTopProblem", "RoofTopProblem\RoofTopProblem.vcxproj", "{A397A1D7-7B7A-4E5A-BFDE-2A803F543B42}"
EndProject
Global
	GlobalSection(SolutionConfigurationPlatforms) = preSolution
		Debug|x64 = Debug|x64
		Debug|x86 = Debug|x86
		Release|x64 = Release|x64
		Release|x86 = Release|x86
	EndGlobalSection
	GlobalSection(ProjectConfigurationPlatforms) = postSolution
		{84D09676-084E-447E-B185-7363823085CC}.Debug|x64.ActiveCfg = Debug|x64
		{84D09676-084E-447E-B185-7363823085CC}.Debug|x64.Build.0 = Debug|x64
		{84D09676-084E-447E-B185-7363823085CC}.Debug|x86.ActiveCfg = Debug|Win32
		{84D09676-084E-447E-B185-7363823085CC}.Debug|x86.Build.0 = Debug|Win32
		{84D09676-084E-447E-B185-7363823085CC}.Release|x64.ActiveCfg = Release|x64
		{84D09676-084E-447E-B185-7363823085CC}.Release|x64.Build.0 = Release|x64
		{84D09676-084E-447E-B185-7363823085CC}.Release|x86.ActiveCfg = Release|Win32
		{84D09676-084E-447E-B185-7363823085CC}.Release|x86.Build.0 = Release|Win32
		{8BC3E272-7A04-4E26-8BB5-3989D9700F51}.Debug|x64.ActiveCfg = Debug|x64
		{8BC3E272-7A04-4E26-8BB5-3989D9700F51}.Debug|x64.Build.0 = Debug|x64
		{8BC3E272-7A04-4E26-8BB5-3989D9700F51}.Debug|x86.ActiveCfg = Debug|Win32
		{8BC3E272-7A04-4E26-8BB5-3989D9700F51}.Debug|x86.Build.0 = Debug|Win32
		{8BC3E272-7A04-4E26-8BB5-3989D9700F51}.Release|x64.ActiveCfg = Release|x64
		{8BC3E272-7A04-4E26-8BB5-3989D9700F51}.Release|x64.Build.0 = Release|x64
		{8BC3E272-7A04-4E26-8BB5-3989D9700F51}.Release|x86.ActiveCfg = Release|Win32
		{8BC3E272-7A04-4E26-8BB5-3989D9700F51}.Release|x86.Build.0 = Release|Win32
		{68207F00-0F86-474A-A5BC-FBF16955ACBF}.Debug|x64.ActiveCfg = Debug|x64
		{68207F00-0F86-474A-A5BC-FBF16955ACBF}.Debug|x64.Build.0 = Debug|x64
		{68207F00-0F86-474A-A5BC-FBF16955ACBF}.Debug|x86.ActiveCfg = Debug|Win32
		{68207F00-0F86-474A-A5BC-FBF16955ACBF}.Debug|x86.Build.0 = Debug|Win32
		{68207F00-0F86-474A-A5BC-FBF16955ACBF}.Release|x64.ActiveCfg = Release|x64
		{68207F00-0F86-474A-A5BC-FBF16955ACBF}.Release|x64.Build.0 = Release|x64
		{68207F00-0F86-474A-A5BC-FBF16955ACBF}.Release|x86.ActiveCfg = Release|Win32
		{68207F00-0F86-474A-A5BC-FBF16955ACBF}.Release|x86.Build.0 = Release|Win32
		{998D3BDA-55F4-40A5-ADA0-22E89694BD5F}.Debug|x64.ActiveCfg = Debug|x64
		{998D3BDA-55F4-40A5-ADA0-22E89694BD5F}.Debug|x64.Build.0 = Debug|x64
		{998D3BDA-55F4-40A5-ADA0-22E89694BD5F}.Debug|x86.ActiveCfg = Debug|Win32
		{998D3BDA-55F4-40A5-ADA0-22E89694BD5F}.Debug|x86.Build.0 = Debug|Win32
		{998D3BDA-55F4-40A5-ADA0-22E89694BD5F}.Release|x64.ActiveCfg = Release|x64
		{998D3BDA-55F4-40A5-ADA0-22E89694BD5F}.Release|x64.Build.0 = Release|x64
		{998D3BDA-55F4-40A5-ADA0-22E89694BD5F}.Release|x86.ActiveCfg = Release|Win32
		{998D3BDA-55F4-40A5-ADA0-22E89694BD5F}.Release|x86.Build.0 = Release|Win32
		{1C934558-78AD-482B-AFAB-D7C87576249C}.Debug|x64.ActiveCfg = Debug|x64
		{1C934558-78AD-482B-AFAB-D7C87576249C}.Debug|x64.Build.0 = Debug|x64
		{1C934558-78AD-482B-AFAB-D7C87576249C}.Debug|x86.ActiveCfg = Debug|Win32
		{1C934558-78AD-482B-AFAB-D7C87576249C}.Debug|x86.Build.0 = Debug|Win32
		{1C934558-78AD-482B-AFAB-D7C87576249C}.Release|x64.ActiveCfg = Release|x64
		{1C934558-78AD-482B-AFAB-D7C87576249C}.Release|x64.Build.0 = Release|x64
		{1C934558-78AD-482B-AFAB-D7C87576249C}.Release|x86.ActiveCfg = Release|Win32
		{1C934558-78AD-482B-AFAB-D7C87576249C}.Release|x86.Build.0 = Release|Win32
		{A397A1D7-7B7A-4E5A-BFDE-2A803F543B42}.Debug|x64.ActiveCfg = Debug|x64
		{A397A1D7-7B7A-4E5A-BFDE-2A803F543B42}.Debug|x64.Build.0 = Debug|x64
		{A397A1D7-7B7A-4E5A-BFDE-2A803F543B42}.Debug|x86.ActiveCfg = Debug|Win32
		{A397A1D7-7B7A-4E5A-BFDE-2A803F543B42}.Debug|x86.Build.0 = Debug|Win32
		{A397A1D7-7B7A-4E5A-BFDE-2A803F543B42}.Release|x64.ActiveCfg = Release|x64
		{A397A1D7-7B7A-4E5A-BFDE-2A803F543B42}.Release|x64.Build.0 = Release|x64
		{A397A1D7-7B7A-4E5A-BFDE-2A803F543B42}.Release|x86.ActiveCfg = Release|Win32
		{A397A1D7-7B7A-4E5A-BFDE-2A803F543B42}.Release|x86.Build.0 = Release|Win32
	EndGlobalSection
	GlobalSection(SolutionProperties) = preSolution
		HideSolutionNode = FALSE
	EndGlobalSection
	GlobalSection(ExtensibilityGlobals) = postSolution
		SolutionGuid = {5E42A2A1-121E-4611-A569-95834CFE4049}
	EndGlobalSection
EndGlobal
